
Microsoft Visual Studio Solution File, Format Version 11.00
# Visual Studio 2010
Project("{FAE04EC0-301F-11D3-BF4B-00C04F79EFBC}") = "BarcodeScanning.MonoTouch", "BarcodeScanning.MonoTouch\BarcodeScanning.MonoTouch.csproj", "{10B2E413-A860-46D9-8EBD-0D2F3EF1A400}"
EndProject
Project("{FAE04EC0-301F-11D3-BF4B-00C04F79EFBC}") = "zxing.monotouch", "..\ZXing.Net.Mobile\src\ZXing.Net\zxing.monotouch.csproj", "{BD0FA561-182D-4A89-BAA7-228693B07862}"
EndProject
Project("{FAE04EC0-301F-11D3-BF4B-00C04F79EFBC}") = "ZXing.Net.Mobile.MonoTouch", "..\ZXing.Net.Mobile\src\ZXing.Net.Mobile\ZXing.Net.Mobile.MonoTouch.csproj", "{49F99F7E-D407-4A9F-8BB2-24212B60C2D2}"
EndProject
Global
	GlobalSection(SolutionConfigurationPlatforms) = preSolution
		Debug|iPhoneSimulator = Debug|iPhoneSimulator
		Release|iPhoneSimulator = Release|iPhoneSimulator
		Debug|iPhone = Debug|iPhone
		Release|iPhone = Release|iPhone
		Ad-Hoc|iPhone = Ad-Hoc|iPhone
		AppStore|iPhone = AppStore|iPhone
	EndGlobalSection
	GlobalSection(ProjectConfigurationPlatforms) = postSolution
		{10B2E413-A860-46D9-8EBD-0D2F3EF1A400}.Ad-Hoc|iPhone.ActiveCfg = Ad-Hoc|iPhone
		{10B2E413-A860-46D9-8EBD-0D2F3EF1A400}.Ad-Hoc|iPhone.Build.0 = Ad-Hoc|iPhone
		{10B2E413-A860-46D9-8EBD-0D2F3EF1A400}.AppStore|iPhone.ActiveCfg = AppStore|iPhone
		{10B2E413-A860-46D9-8EBD-0D2F3EF1A400}.AppStore|iPhone.Build.0 = AppStore|iPhone
		{10B2E413-A860-46D9-8EBD-0D2F3EF1A400}.Debug|iPhone.ActiveCfg = Debug|iPhone
		{10B2E413-A860-46D9-8EBD-0D2F3EF1A400}.Debug|iPhone.Build.0 = Debug|iPhone
		{10B2E413-A860-46D9-8EBD-0D2F3EF1A400}.Debug|iPhoneSimulator.ActiveCfg = Debug|iPhoneSimulator
		{10B2E413-A860-46D9-8EBD-0D2F3EF1A400}.Debug|iPhoneSimulator.Build.0 = Debug|iPhoneSimulator
		{10B2E413-A860-46D9-8EBD-0D2F3EF1A400}.Release|iPhone.ActiveCfg = Release|iPhone
		{10B2E413-A860-46D9-8EBD-0D2F3EF1A400}.Release|iPhone.Build.0 = Release|iPhone
		{10B2E413-A860-46D9-8EBD-0D2F3EF1A400}.Release|iPhoneSimulator.ActiveCfg = Release|iPhoneSimulator
		{10B2E413-A860-46D9-8EBD-0D2F3EF1A400}.Release|iPhoneSimulator.Build.0 = Release|iPhoneSimulator
		{49F99F7E-D407-4A9F-8BB2-24212B60C2D2}.Ad-Hoc|iPhone.ActiveCfg = Debug|iPhone
		{49F99F7E-D407-4A9F-8BB2-24212B60C2D2}.Ad-Hoc|iPhone.Build.0 = Debug|iPhone
		{49F99F7E-D407-4A9F-8BB2-24212B60C2D2}.AppStore|iPhone.ActiveCfg = Debug|iPhone
		{49F99F7E-D407-4A9F-8BB2-24212B60C2D2}.AppStore|iPhone.Build.0 = Debug|iPhone
		{49F99F7E-D407-4A9F-8BB2-24212B60C2D2}.Debug|iPhone.ActiveCfg = Debug|iPhone
		{49F99F7E-D407-4A9F-8BB2-24212B60C2D2}.Debug|iPhone.Build.0 = Debug|iPhone
		{49F99F7E-D407-4A9F-8BB2-24212B60C2D2}.Debug|iPhoneSimulator.ActiveCfg = Debug|iPhoneSimulator
		{49F99F7E-D407-4A9F-8BB2-24212B60C2D2}.Debug|iPhoneSimulator.Build.0 = Debug|iPhoneSimulator
		{49F99F7E-D407-4A9F-8BB2-24212B60C2D2}.Release|iPhone.ActiveCfg = Release|iPhone
		{49F99F7E-D407-4A9F-8BB2-24212B60C2D2}.Release|iPhone.Build.0 = Release|iPhone
		{49F99F7E-D407-4A9F-8BB2-24212B60C2D2}.Release|iPhoneSimulator.ActiveCfg = Release|iPhoneSimulator
		{49F99F7E-D407-4A9F-8BB2-24212B60C2D2}.Release|iPhoneSimulator.Build.0 = Release|iPhoneSimulator
		{BD0FA561-182D-4A89-BAA7-228693B07862}.Ad-Hoc|iPhone.ActiveCfg = Debug|Any CPU
		{BD0FA561-182D-4A89-BAA7-228693B07862}.Ad-Hoc|iPhone.Build.0 = Debug|Any CPU
		{BD0FA561-182D-4A89-BAA7-228693B07862}.AppStore|iPhone.ActiveCfg = Debug|Any CPU
		{BD0FA561-182D-4A89-BAA7-228693B07862}.AppStore|iPhone.Build.0 = Debug|Any CPU
		{BD0FA561-182D-4A89-BAA7-228693B07862}.Debug|iPhone.ActiveCfg = Debug|Any CPU
		{BD0FA561-182D-4A89-BAA7-228693B07862}.Debug|iPhone.Build.0 = Debug|Any CPU
		{BD0FA561-182D-4A89-BAA7-228693B07862}.Debug|iPhoneSimulator.ActiveCfg = Debug|Any CPU
		{BD0FA561-182D-4A89-BAA7-228693B07862}.Debug|iPhoneSimulator.Build.0 = Debug|Any CPU
		{BD0FA561-182D-4A89-BAA7-228693B07862}.Release|iPhone.ActiveCfg = Release|Any CPU
		{BD0FA561-182D-4A89-BAA7-228693B07862}.Release|iPhone.Build.0 = Release|Any CPU
		{BD0FA561-182D-4A89-BAA7-228693B07862}.Release|iPhoneSimulator.ActiveCfg = Release|Any CPU
		{BD0FA561-182D-4A89-BAA7-228693B07862}.Release|iPhoneSimulator.Build.0 = Release|Any CPU
	EndGlobalSection
	GlobalSection(MonoDevelopProperties) = preSolution
		StartupItem = BarcodeScanning.MonoTouch\BarcodeScanning.MonoTouch.csproj
	EndGlobalSection
EndGlobal
