
Microsoft Visual Studio Solution File, Format Version 11.00
# Visual Studio 2010
Project("{FAE04EC0-301F-11D3-BF4B-00C04F79EFBC}") = "Xaminar", "Xaminar.csproj", "{472FACBA-CF5F-4856-B708-C4861E4E7946}"
EndProject
Global
	GlobalSection(SolutionConfigurationPlatforms) = preSolution
		Debug|iPhoneSimulator = Debug|iPhoneSimulator
		Release|iPhoneSimulator = Release|iPhoneSimulator
		Debug|iPhone = Debug|iPhone
		Release|iPhone = Release|iPhone
		Ad-Hoc|iPhone = Ad-Hoc|iPhone
		AppStore|iPhone = AppStore|iPhone
	EndGlobalSection
	GlobalSection(ProjectConfigurationPlatforms) = postSolution
		{472FACBA-CF5F-4856-B708-C4861E4E7946}.Ad-Hoc|iPhone.ActiveCfg = Ad-Hoc|iPhone
		{472FACBA-CF5F-4856-B708-C4861E4E7946}.Ad-Hoc|iPhone.Build.0 = Ad-Hoc|iPhone
		{472FACBA-CF5F-4856-B708-C4861E4E7946}.AppStore|iPhone.ActiveCfg = AppStore|iPhone
		{472FACBA-CF5F-4856-B708-C4861E4E7946}.AppStore|iPhone.Build.0 = AppStore|iPhone
		{472FACBA-CF5F-4856-B708-C4861E4E7946}.Debug|iPhone.ActiveCfg = Debug|iPhone
		{472FACBA-CF5F-4856-B708-C4861E4E7946}.Debug|iPhone.Build.0 = Debug|iPhone
		{472FACBA-CF5F-4856-B708-C4861E4E7946}.Debug|iPhoneSimulator.ActiveCfg = Debug|iPhoneSimulator
		{472FACBA-CF5F-4856-B708-C4861E4E7946}.Debug|iPhoneSimulator.Build.0 = Debug|iPhoneSimulator
		{472FACBA-CF5F-4856-B708-C4861E4E7946}.Release|iPhone.ActiveCfg = Release|iPhone
		{472FACBA-CF5F-4856-B708-C4861E4E7946}.Release|iPhone.Build.0 = Release|iPhone
		{472FACBA-CF5F-4856-B708-C4861E4E7946}.Release|iPhoneSimulator.ActiveCfg = Release|iPhoneSimulator
		{472FACBA-CF5F-4856-B708-C4861E4E7946}.Release|iPhoneSimulator.Build.0 = Release|iPhoneSimulator
	EndGlobalSection
	GlobalSection(MonoDevelopProperties) = preSolution
		StartupItem = Xaminar.csproj
	EndGlobalSection
EndGlobal
