
Microsoft Visual Studio Solution File, Format Version 11.00
# Visual Studio 2010
Project("{FAE04EC0-301F-11D3-BF4B-00C04F79EFBC}") = "XaminarPDFDemo", "XaminarPDFDemo\XaminarPDFDemo.csproj", "{28CE578D-9D6C-451D-ADF5-3B1F8E75925A}"
EndProject
Global
	GlobalSection(SolutionConfigurationPlatforms) = preSolution
		Debug|iPhoneSimulator = Debug|iPhoneSimulator
		Release|iPhoneSimulator = Release|iPhoneSimulator
		Debug|iPhone = Debug|iPhone
		Release|iPhone = Release|iPhone
	EndGlobalSection
	GlobalSection(ProjectConfigurationPlatforms) = postSolution
		{28CE578D-9D6C-451D-ADF5-3B1F8E75925A}.Debug|iPhone.ActiveCfg = Debug|iPhone
		{28CE578D-9D6C-451D-ADF5-3B1F8E75925A}.Debug|iPhone.Build.0 = Debug|iPhone
		{28CE578D-9D6C-451D-ADF5-3B1F8E75925A}.Debug|iPhoneSimulator.ActiveCfg = Debug|iPhoneSimulator
		{28CE578D-9D6C-451D-ADF5-3B1F8E75925A}.Debug|iPhoneSimulator.Build.0 = Debug|iPhoneSimulator
		{28CE578D-9D6C-451D-ADF5-3B1F8E75925A}.Release|iPhone.ActiveCfg = Release|iPhone
		{28CE578D-9D6C-451D-ADF5-3B1F8E75925A}.Release|iPhone.Build.0 = Release|iPhone
		{28CE578D-9D6C-451D-ADF5-3B1F8E75925A}.Release|iPhoneSimulator.ActiveCfg = Release|iPhoneSimulator
		{28CE578D-9D6C-451D-ADF5-3B1F8E75925A}.Release|iPhoneSimulator.Build.0 = Release|iPhoneSimulator
	EndGlobalSection
	GlobalSection(MonoDevelopProperties) = preSolution
		StartupItem = XaminarPDFDemo\XaminarPDFDemo.csproj
	EndGlobalSection
EndGlobal
