
Microsoft Visual Studio Solution File, Format Version 12.00
# Visual C# Express 2010
Project("{FAE04EC0-301F-11D3-BF4B-00C04F79EFBC}") = "ChaseCameraWindows", "ChaseCamera\ChaseCameraWindows.csproj", "{07212D28-DD9D-4E0E-A50B-CD9C04729DDB}"
EndProject
Project("{FAE04EC0-301F-11D3-BF4B-00C04F79EFBC}") = "ChaseCameraContent", "ChaseCameraContent\ChaseCameraContent.contentproj", "{F7DBDC96-A9A5-4A29-A0B1-9734637FE68B}"
EndProject
Global
	GlobalSection(SolutionConfigurationPlatforms) = preSolution
		Android|Any CPU = Android|Any CPU
		Android|ARM = Android|ARM
		Android|Mixed Platforms = Android|Mixed Platforms
		Android|Windows Phone = Android|Windows Phone
		Android|x64 = Android|x64
		Android|x86 = Android|x86
		Debug|Any CPU = Debug|Any CPU
		Debug|ARM = Debug|ARM
		Debug|Mixed Platforms = Debug|Mixed Platforms
		Debug|Windows Phone = Debug|Windows Phone
		Debug|x64 = Debug|x64
		Debug|x86 = Debug|x86
		iOS|Any CPU = iOS|Any CPU
		iOS|ARM = iOS|ARM
		iOS|Mixed Platforms = iOS|Mixed Platforms
		iOS|Windows Phone = iOS|Windows Phone
		iOS|x64 = iOS|x64
		iOS|x86 = iOS|x86
		Linux|Any CPU = Linux|Any CPU
		Linux|ARM = Linux|ARM
		Linux|Mixed Platforms = Linux|Mixed Platforms
		Linux|Windows Phone = Linux|Windows Phone
		Linux|x64 = Linux|x64
		Linux|x86 = Linux|x86
		Mac|Any CPU = Mac|Any CPU
		Mac|ARM = Mac|ARM
		Mac|Mixed Platforms = Mac|Mixed Platforms
		Mac|Windows Phone = Mac|Windows Phone
		Mac|x64 = Mac|x64
		Mac|x86 = Mac|x86
		Release|Any CPU = Release|Any CPU
		Release|ARM = Release|ARM
		Release|Mixed Platforms = Release|Mixed Platforms
		Release|Windows Phone = Release|Windows Phone
		Release|x64 = Release|x64
		Release|x86 = Release|x86
		Windows|Any CPU = Windows|Any CPU
		Windows|ARM = Windows|ARM
		Windows|Mixed Platforms = Windows|Mixed Platforms
		Windows|Windows Phone = Windows|Windows Phone
		Windows|x64 = Windows|x64
		Windows|x86 = Windows|x86
		Windows8|Any CPU = Windows8|Any CPU
		Windows8|ARM = Windows8|ARM
		Windows8|Mixed Platforms = Windows8|Mixed Platforms
		Windows8|Windows Phone = Windows8|Windows Phone
		Windows8|x64 = Windows8|x64
		Windows8|x86 = Windows8|x86
	EndGlobalSection
	GlobalSection(ProjectConfigurationPlatforms) = postSolution
		{07212D28-DD9D-4E0E-A50B-CD9C04729DDB}.Android|Any CPU.ActiveCfg = Release|x86
		{07212D28-DD9D-4E0E-A50B-CD9C04729DDB}.Android|ARM.ActiveCfg = Debug|x86
		{07212D28-DD9D-4E0E-A50B-CD9C04729DDB}.Android|Mixed Platforms.ActiveCfg = Release|x86
		{07212D28-DD9D-4E0E-A50B-CD9C04729DDB}.Android|Mixed Platforms.Build.0 = Release|x86
		{07212D28-DD9D-4E0E-A50B-CD9C04729DDB}.Android|Windows Phone.ActiveCfg = Debug|x86
		{07212D28-DD9D-4E0E-A50B-CD9C04729DDB}.Android|Windows Phone.Build.0 = Debug|x86
		{07212D28-DD9D-4E0E-A50B-CD9C04729DDB}.Android|x64.ActiveCfg = Debug|x86
		{07212D28-DD9D-4E0E-A50B-CD9C04729DDB}.Android|x86.ActiveCfg = Release|x86
		{07212D28-DD9D-4E0E-A50B-CD9C04729DDB}.Android|x86.Build.0 = Release|x86
		{07212D28-DD9D-4E0E-A50B-CD9C04729DDB}.Debug|Any CPU.ActiveCfg = Debug|x86
		{07212D28-DD9D-4E0E-A50B-CD9C04729DDB}.Debug|ARM.ActiveCfg = Debug|x86
		{07212D28-DD9D-4E0E-A50B-CD9C04729DDB}.Debug|Mixed Platforms.ActiveCfg = Debug|x86
		{07212D28-DD9D-4E0E-A50B-CD9C04729DDB}.Debug|Mixed Platforms.Build.0 = Debug|x86
		{07212D28-DD9D-4E0E-A50B-CD9C04729DDB}.Debug|Windows Phone.ActiveCfg = Debug|x86
		{07212D28-DD9D-4E0E-A50B-CD9C04729DDB}.Debug|Windows Phone.Build.0 = Debug|x86
		{07212D28-DD9D-4E0E-A50B-CD9C04729DDB}.Debug|x64.ActiveCfg = Debug|x86
		{07212D28-DD9D-4E0E-A50B-CD9C04729DDB}.Debug|x86.ActiveCfg = Debug|x86
		{07212D28-DD9D-4E0E-A50B-CD9C04729DDB}.Debug|x86.Build.0 = Debug|x86
		{07212D28-DD9D-4E0E-A50B-CD9C04729DDB}.iOS|Any CPU.ActiveCfg = Release|x86
		{07212D28-DD9D-4E0E-A50B-CD9C04729DDB}.iOS|ARM.ActiveCfg = Debug|x86
		{07212D28-DD9D-4E0E-A50B-CD9C04729DDB}.iOS|Mixed Platforms.ActiveCfg = Release|x86
		{07212D28-DD9D-4E0E-A50B-CD9C04729DDB}.iOS|Mixed Platforms.Build.0 = Release|x86
		{07212D28-DD9D-4E0E-A50B-CD9C04729DDB}.iOS|Windows Phone.ActiveCfg = Debug|x86
		{07212D28-DD9D-4E0E-A50B-CD9C04729DDB}.iOS|Windows Phone.Build.0 = Debug|x86
		{07212D28-DD9D-4E0E-A50B-CD9C04729DDB}.iOS|x64.ActiveCfg = Debug|x86
		{07212D28-DD9D-4E0E-A50B-CD9C04729DDB}.iOS|x86.ActiveCfg = Release|x86
		{07212D28-DD9D-4E0E-A50B-CD9C04729DDB}.iOS|x86.Build.0 = Release|x86
		{07212D28-DD9D-4E0E-A50B-CD9C04729DDB}.Linux|Any CPU.ActiveCfg = Release|x86
		{07212D28-DD9D-4E0E-A50B-CD9C04729DDB}.Linux|ARM.ActiveCfg = Debug|x86
		{07212D28-DD9D-4E0E-A50B-CD9C04729DDB}.Linux|Mixed Platforms.ActiveCfg = Release|x86
		{07212D28-DD9D-4E0E-A50B-CD9C04729DDB}.Linux|Mixed Platforms.Build.0 = Release|x86
		{07212D28-DD9D-4E0E-A50B-CD9C04729DDB}.Linux|Windows Phone.ActiveCfg = Debug|x86
		{07212D28-DD9D-4E0E-A50B-CD9C04729DDB}.Linux|Windows Phone.Build.0 = Debug|x86
		{07212D28-DD9D-4E0E-A50B-CD9C04729DDB}.Linux|x64.ActiveCfg = Debug|x86
		{07212D28-DD9D-4E0E-A50B-CD9C04729DDB}.Linux|x86.ActiveCfg = Release|x86
		{07212D28-DD9D-4E0E-A50B-CD9C04729DDB}.Linux|x86.Build.0 = Release|x86
		{07212D28-DD9D-4E0E-A50B-CD9C04729DDB}.Mac|Any CPU.ActiveCfg = Release|x86
		{07212D28-DD9D-4E0E-A50B-CD9C04729DDB}.Mac|ARM.ActiveCfg = Debug|x86
		{07212D28-DD9D-4E0E-A50B-CD9C04729DDB}.Mac|Mixed Platforms.ActiveCfg = Release|x86
		{07212D28-DD9D-4E0E-A50B-CD9C04729DDB}.Mac|Mixed Platforms.Build.0 = Release|x86
		{07212D28-DD9D-4E0E-A50B-CD9C04729DDB}.Mac|Windows Phone.ActiveCfg = Debug|x86
		{07212D28-DD9D-4E0E-A50B-CD9C04729DDB}.Mac|Windows Phone.Build.0 = Debug|x86
		{07212D28-DD9D-4E0E-A50B-CD9C04729DDB}.Mac|x64.ActiveCfg = Debug|x86
		{07212D28-DD9D-4E0E-A50B-CD9C04729DDB}.Mac|x86.ActiveCfg = Release|x86
		{07212D28-DD9D-4E0E-A50B-CD9C04729DDB}.Mac|x86.Build.0 = Release|x86
		{07212D28-DD9D-4E0E-A50B-CD9C04729DDB}.Release|Any CPU.ActiveCfg = Release|x86
		{07212D28-DD9D-4E0E-A50B-CD9C04729DDB}.Release|ARM.ActiveCfg = Release|x86
		{07212D28-DD9D-4E0E-A50B-CD9C04729DDB}.Release|Mixed Platforms.ActiveCfg = Release|x86
		{07212D28-DD9D-4E0E-A50B-CD9C04729DDB}.Release|Mixed Platforms.Build.0 = Release|x86
		{07212D28-DD9D-4E0E-A50B-CD9C04729DDB}.Release|Windows Phone.ActiveCfg = Release|x86
		{07212D28-DD9D-4E0E-A50B-CD9C04729DDB}.Release|Windows Phone.Build.0 = Release|x86
		{07212D28-DD9D-4E0E-A50B-CD9C04729DDB}.Release|x64.ActiveCfg = Release|x86
		{07212D28-DD9D-4E0E-A50B-CD9C04729DDB}.Release|x86.ActiveCfg = Release|x86
		{07212D28-DD9D-4E0E-A50B-CD9C04729DDB}.Release|x86.Build.0 = Release|x86
		{07212D28-DD9D-4E0E-A50B-CD9C04729DDB}.Windows|Any CPU.ActiveCfg = Release|x86
		{07212D28-DD9D-4E0E-A50B-CD9C04729DDB}.Windows|ARM.ActiveCfg = Debug|x86
		{07212D28-DD9D-4E0E-A50B-CD9C04729DDB}.Windows|Mixed Platforms.ActiveCfg = Release|x86
		{07212D28-DD9D-4E0E-A50B-CD9C04729DDB}.Windows|Mixed Platforms.Build.0 = Release|x86
		{07212D28-DD9D-4E0E-A50B-CD9C04729DDB}.Windows|Windows Phone.ActiveCfg = Debug|x86
		{07212D28-DD9D-4E0E-A50B-CD9C04729DDB}.Windows|Windows Phone.Build.0 = Debug|x86
		{07212D28-DD9D-4E0E-A50B-CD9C04729DDB}.Windows|x64.ActiveCfg = Debug|x86
		{07212D28-DD9D-4E0E-A50B-CD9C04729DDB}.Windows|x86.ActiveCfg = Release|x86
		{07212D28-DD9D-4E0E-A50B-CD9C04729DDB}.Windows|x86.Build.0 = Release|x86
		{07212D28-DD9D-4E0E-A50B-CD9C04729DDB}.Windows8|Any CPU.ActiveCfg = Release|x86
		{07212D28-DD9D-4E0E-A50B-CD9C04729DDB}.Windows8|ARM.ActiveCfg = Debug|x86
		{07212D28-DD9D-4E0E-A50B-CD9C04729DDB}.Windows8|Mixed Platforms.ActiveCfg = Release|x86
		{07212D28-DD9D-4E0E-A50B-CD9C04729DDB}.Windows8|Mixed Platforms.Build.0 = Release|x86
		{07212D28-DD9D-4E0E-A50B-CD9C04729DDB}.Windows8|Windows Phone.ActiveCfg = Debug|x86
		{07212D28-DD9D-4E0E-A50B-CD9C04729DDB}.Windows8|Windows Phone.Build.0 = Debug|x86
		{07212D28-DD9D-4E0E-A50B-CD9C04729DDB}.Windows8|x64.ActiveCfg = Debug|x86
		{07212D28-DD9D-4E0E-A50B-CD9C04729DDB}.Windows8|x86.ActiveCfg = Release|x86
		{07212D28-DD9D-4E0E-A50B-CD9C04729DDB}.Windows8|x86.Build.0 = Release|x86
		{F7DBDC96-A9A5-4A29-A0B1-9734637FE68B}.Android|Any CPU.ActiveCfg = Debug|Any CPU
		{F7DBDC96-A9A5-4A29-A0B1-9734637FE68B}.Android|ARM.ActiveCfg = Debug|Any CPU
		{F7DBDC96-A9A5-4A29-A0B1-9734637FE68B}.Android|Mixed Platforms.ActiveCfg = Debug|Any CPU
		{F7DBDC96-A9A5-4A29-A0B1-9734637FE68B}.Android|Windows Phone.ActiveCfg = Debug|Any CPU
		{F7DBDC96-A9A5-4A29-A0B1-9734637FE68B}.Android|x64.ActiveCfg = Debug|Any CPU
		{F7DBDC96-A9A5-4A29-A0B1-9734637FE68B}.Android|x86.ActiveCfg = Debug|Any CPU
		{F7DBDC96-A9A5-4A29-A0B1-9734637FE68B}.Debug|Any CPU.ActiveCfg = Debug|Any CPU
		{F7DBDC96-A9A5-4A29-A0B1-9734637FE68B}.Debug|ARM.ActiveCfg = Debug|Any CPU
		{F7DBDC96-A9A5-4A29-A0B1-9734637FE68B}.Debug|Mixed Platforms.ActiveCfg = Debug|Any CPU
		{F7DBDC96-A9A5-4A29-A0B1-9734637FE68B}.Debug|Windows Phone.ActiveCfg = Debug|Any CPU
		{F7DBDC96-A9A5-4A29-A0B1-9734637FE68B}.Debug|x64.ActiveCfg = Debug|Any CPU
		{F7DBDC96-A9A5-4A29-A0B1-9734637FE68B}.Debug|x86.ActiveCfg = Debug|Any CPU
		{F7DBDC96-A9A5-4A29-A0B1-9734637FE68B}.iOS|Any CPU.ActiveCfg = Debug|Any CPU
		{F7DBDC96-A9A5-4A29-A0B1-9734637FE68B}.iOS|ARM.ActiveCfg = Debug|Any CPU
		{F7DBDC96-A9A5-4A29-A0B1-9734637FE68B}.iOS|Mixed Platforms.ActiveCfg = Debug|Any CPU
		{F7DBDC96-A9A5-4A29-A0B1-9734637FE68B}.iOS|Windows Phone.ActiveCfg = Debug|Any CPU
		{F7DBDC96-A9A5-4A29-A0B1-9734637FE68B}.iOS|x64.ActiveCfg = Debug|Any CPU
		{F7DBDC96-A9A5-4A29-A0B1-9734637FE68B}.iOS|x86.ActiveCfg = Debug|Any CPU
		{F7DBDC96-A9A5-4A29-A0B1-9734637FE68B}.Linux|Any CPU.ActiveCfg = Debug|Any CPU
		{F7DBDC96-A9A5-4A29-A0B1-9734637FE68B}.Linux|ARM.ActiveCfg = Debug|Any CPU
		{F7DBDC96-A9A5-4A29-A0B1-9734637FE68B}.Linux|Mixed Platforms.ActiveCfg = Debug|Any CPU
		{F7DBDC96-A9A5-4A29-A0B1-9734637FE68B}.Linux|Windows Phone.ActiveCfg = Debug|Any CPU
		{F7DBDC96-A9A5-4A29-A0B1-9734637FE68B}.Linux|x64.ActiveCfg = Debug|Any CPU
		{F7DBDC96-A9A5-4A29-A0B1-9734637FE68B}.Linux|x86.ActiveCfg = Debug|Any CPU
		{F7DBDC96-A9A5-4A29-A0B1-9734637FE68B}.Mac|Any CPU.ActiveCfg = Debug|Any CPU
		{F7DBDC96-A9A5-4A29-A0B1-9734637FE68B}.Mac|ARM.ActiveCfg = Debug|Any CPU
		{F7DBDC96-A9A5-4A29-A0B1-9734637FE68B}.Mac|Mixed Platforms.ActiveCfg = Debug|Any CPU
		{F7DBDC96-A9A5-4A29-A0B1-9734637FE68B}.Mac|Windows Phone.ActiveCfg = Debug|Any CPU
		{F7DBDC96-A9A5-4A29-A0B1-9734637FE68B}.Mac|x64.ActiveCfg = Debug|Any CPU
		{F7DBDC96-A9A5-4A29-A0B1-9734637FE68B}.Mac|x86.ActiveCfg = Debug|Any CPU
		{F7DBDC96-A9A5-4A29-A0B1-9734637FE68B}.Release|Any CPU.ActiveCfg = Debug|Any CPU
		{F7DBDC96-A9A5-4A29-A0B1-9734637FE68B}.Release|ARM.ActiveCfg = Debug|Any CPU
		{F7DBDC96-A9A5-4A29-A0B1-9734637FE68B}.Release|Mixed Platforms.ActiveCfg = Debug|Any CPU
		{F7DBDC96-A9A5-4A29-A0B1-9734637FE68B}.Release|Windows Phone.ActiveCfg = Debug|Any CPU
		{F7DBDC96-A9A5-4A29-A0B1-9734637FE68B}.Release|x64.ActiveCfg = Debug|Any CPU
		{F7DBDC96-A9A5-4A29-A0B1-9734637FE68B}.Release|x86.ActiveCfg = Debug|Any CPU
		{F7DBDC96-A9A5-4A29-A0B1-9734637FE68B}.Windows|Any CPU.ActiveCfg = Debug|Any CPU
		{F7DBDC96-A9A5-4A29-A0B1-9734637FE68B}.Windows|ARM.ActiveCfg = Debug|Any CPU
		{F7DBDC96-A9A5-4A29-A0B1-9734637FE68B}.Windows|Mixed Platforms.ActiveCfg = Debug|Any CPU
		{F7DBDC96-A9A5-4A29-A0B1-9734637FE68B}.Windows|Windows Phone.ActiveCfg = Debug|Any CPU
		{F7DBDC96-A9A5-4A29-A0B1-9734637FE68B}.Windows|x64.ActiveCfg = Debug|Any CPU
		{F7DBDC96-A9A5-4A29-A0B1-9734637FE68B}.Windows|x86.ActiveCfg = Debug|Any CPU
		{F7DBDC96-A9A5-4A29-A0B1-9734637FE68B}.Windows8|Any CPU.ActiveCfg = Debug|Any CPU
		{F7DBDC96-A9A5-4A29-A0B1-9734637FE68B}.Windows8|ARM.ActiveCfg = Debug|Any CPU
		{F7DBDC96-A9A5-4A29-A0B1-9734637FE68B}.Windows8|Mixed Platforms.ActiveCfg = Debug|Any CPU
		{F7DBDC96-A9A5-4A29-A0B1-9734637FE68B}.Windows8|Windows Phone.ActiveCfg = Debug|Any CPU
		{F7DBDC96-A9A5-4A29-A0B1-9734637FE68B}.Windows8|x64.ActiveCfg = Debug|Any CPU
		{F7DBDC96-A9A5-4A29-A0B1-9734637FE68B}.Windows8|x86.ActiveCfg = Debug|Any CPU
	EndGlobalSection
	GlobalSection(SolutionProperties) = preSolution
		HideSolutionNode = FALSE
	EndGlobalSection
EndGlobal
